{
    "name": "nutsh",
    "version": "0.1.0",
    "lockfileVersion": 2,
    "requires": true,
    "packages": {
        "": {
            "name": "nutsh",
            "version": "0.1.0",
            "dependencies": {
                "@codemirror/basic-setup": "^0.17.1",
                "codemirror": "^5.59.1",
                "glob": "^7.1.6",
                "jquery": "^3.5.1",
                "vue": "^2.6.12"
            },
            "devDependencies": {
                "@types/codemirror": "^0.0.106",
                "@types/glob": "^7.1.3",
                "@types/jquery": "^3.5.5",
                "@types/node": "^14.14.20"
            }
        },
        "node_modules/@codemirror/autocomplete": {
            "version": "0.17.1",
            "resolved": "https://registry.npmjs.org/@codemirror/autocomplete/-/autocomplete-0.17.1.tgz",
            "integrity": "sha512-K53TC6eH+nnmVRBoH9vgzOsyzBPlyXyYUzgE3X9SwtKVI5Csi75SEbfsAQEJEwZJbSi3PkSzHR5gPxw2rfSDYQ==",
            "dependencies": {
                "@codemirror/language": "^0.17.0",
                "@codemirror/state": "^0.17.0",
                "@codemirror/text": "^0.17.0",
                "@codemirror/tooltip": "^0.17.0",
                "@codemirror/view": "^0.17.0",
                "lezer-tree": "^0.13.0"
            }
        },
        "node_modules/@codemirror/basic-setup": {
            "version": "0.17.1",
            "resolved": "https://registry.npmjs.org/@codemirror/basic-setup/-/basic-setup-0.17.1.tgz",
            "integrity": "sha512-d17H3bcseOia/YxT4Zfqn455wBRfbs3aKFAg9+FoP11BeQLFAqxiDIXtbwtfFbNx4rUvtmHkzeaMUZHNEp5ZSQ==",
            "dependencies": {
                "@codemirror/autocomplete": "^0.17.0",
                "@codemirror/closebrackets": "^0.17.0",
                "@codemirror/commands": "^0.17.0",
                "@codemirror/comment": "^0.17.0",
                "@codemirror/fold": "^0.17.0",
                "@codemirror/gutter": "^0.17.0",
                "@codemirror/highlight": "^0.17.0",
                "@codemirror/history": "^0.17.0",
                "@codemirror/language": "^0.17.0",
                "@codemirror/lint": "^0.17.0",
                "@codemirror/matchbrackets": "^0.17.0",
                "@codemirror/rectangular-selection": "^0.17.0",
                "@codemirror/search": "^0.17.0",
                "@codemirror/state": "^0.17.0",
                "@codemirror/view": "^0.17.0"
            }
        },
        "node_modules/@codemirror/closebrackets": {
            "version": "0.17.2",
            "resolved": "https://registry.npmjs.org/@codemirror/closebrackets/-/closebrackets-0.17.2.tgz",
            "integrity": "sha512-0ljN56AW9Iu3uATSZESPt2MuPXpZwB9PKCK0liO9Ei1MXba//SDkzDaYeoIjlVLTxUaGbVo77fsh7+rrY28hLg==",
            "dependencies": {
                "@codemirror/language": "^0.17.0",
                "@codemirror/rangeset": "^0.17.0",
                "@codemirror/state": "^0.17.0",
                "@codemirror/text": "^0.17.0",
                "@codemirror/view": "^0.17.0"
            }
        },
        "node_modules/@codemirror/commands": {
            "version": "0.17.1",
            "resolved": "https://registry.npmjs.org/@codemirror/commands/-/commands-0.17.1.tgz",
            "integrity": "sha512-y04Rl3kcpnTSzkgnvghjF/9UNjrdVAvT+hxnpuad2OhPcRDEWuFqwwEM7ZpzAkyjFNCG5+KDXuhnERk9cxF6/Q==",
            "dependencies": {
                "@codemirror/language": "^0.17.0",
                "@codemirror/matchbrackets": "^0.17.0",
                "@codemirror/state": "^0.17.0",
                "@codemirror/text": "^0.17.0",
                "@codemirror/view": "^0.17.0",
                "lezer-tree": "^0.13.0"
            }
        },
        "node_modules/@codemirror/comment": {
            "version": "0.17.1",
            "resolved": "https://registry.npmjs.org/@codemirror/comment/-/comment-0.17.1.tgz",
            "integrity": "sha512-dRYCRMU8NEe4mbL00AU4Zr8DYqYC5kL2bg28wBSURKYYKtTv3c7KsvdwU/Ggj8pDFcW0TIaKt1DfSKH6RDfaQw==",
            "dependencies": {
                "@codemirror/state": "^0.17.0",
                "@codemirror/text": "^0.17.0",
                "@codemirror/view": "^0.17.0"
            }
        },
        "node_modules/@codemirror/fold": {
            "version": "0.17.1",
            "resolved": "https://registry.npmjs.org/@codemirror/fold/-/fold-0.17.1.tgz",
            "integrity": "sha512-G0j7AyZtcDQy/Vh7MQgIZIYcTJX6BuSa8NcxE82sDtpEDdogavBkjZxEE/lRZyZnHDmmaVgVSp53fzOo9TS6Hw==",
            "dependencies": {
                "@codemirror/gutter": "^0.17.0",
                "@codemirror/language": "^0.17.0",
                "@codemirror/rangeset": "^0.17.0",
                "@codemirror/state": "^0.17.0",
                "@codemirror/view": "^0.17.0"
            }
        },
        "node_modules/@codemirror/gutter": {
            "version": "0.17.1",
            "resolved": "https://registry.npmjs.org/@codemirror/gutter/-/gutter-0.17.1.tgz",
            "integrity": "sha512-lSOz2cWZlwKu6F4r1aqDe3c3UdF/XowemAYP6Hlf30TT1J+qw/wS1p99orVFQMDr0GeQb1Q2TnqBNuzJ15eIxA==",
            "dependencies": {
                "@codemirror/rangeset": "^0.17.0",
                "@codemirror/state": "^0.17.0",
                "@codemirror/view": "^0.17.0"
            }
        },
        "node_modules/@codemirror/highlight": {
            "version": "0.17.1",
            "resolved": "https://registry.npmjs.org/@codemirror/highlight/-/highlight-0.17.1.tgz",
            "integrity": "sha512-SQb6vJ1DKqalDrmALppSj4f0ByzQZAxWgog4q//g82N2v48c+tub0STCIOGRPcyzknUvfMkWH1MCpXlxYpj/+g==",
            "dependencies": {
                "@codemirror/language": "^0.17.0",
                "@codemirror/rangeset": "^0.17.0",
                "@codemirror/state": "^0.17.0",
                "@codemirror/view": "^0.17.0",
                "lezer-tree": "^0.13.0",
                "style-mod": "^3.2.0"
            }
        },
        "node_modules/@codemirror/history": {
            "version": "0.17.1",
            "resolved": "https://registry.npmjs.org/@codemirror/history/-/history-0.17.1.tgz",
            "integrity": "sha512-fYUMjcmfU6n5byyQm3ZLT0KzbuRduDCyHBoY02zP7e/Kf0Q5CepgNOyMvZBHnCw2mNf4fX6QcOzdfoidMC+ZPw==",
            "dependencies": {
                "@codemirror/state": "^0.17.0",
                "@codemirror/view": "^0.17.0"
            }
        },
        "node_modules/@codemirror/language": {
            "version": "0.17.2",
            "resolved": "https://registry.npmjs.org/@codemirror/language/-/language-0.17.2.tgz",
            "integrity": "sha512-mcAj5qDhv7GE9jpAwUB0ewfRPj0LuoUv4gMRnCraxpKeMUF0BAxr2zXCWt7JKEXYLmueJ7QEjMk8vRaArOXxTQ==",
            "dependencies": {
                "@codemirror/state": "^0.17.0",
                "@codemirror/text": "^0.17.0",
                "@codemirror/view": "^0.17.0",
                "lezer": "^0.13.0",
                "lezer-tree": "^0.13.0"
            }
        },
        "node_modules/@codemirror/lint": {
            "version": "0.17.1",
            "resolved": "https://registry.npmjs.org/@codemirror/lint/-/lint-0.17.1.tgz",
            "integrity": "sha512-Jzhf3g+hIr8frQaLsRSYJgM3BFVt7qQ59J0l/oqkjx8LsqYn0zbCM6zHnKMC0lOUdZXf7O8D24jTmVJb/8n4YQ==",
            "dependencies": {
                "@codemirror/panel": "^0.17.0",
                "@codemirror/state": "^0.17.0",
                "@codemirror/tooltip": "^0.17.0",
                "@codemirror/view": "^0.17.0",
                "crelt": "^1.0.5"
            }
        },
        "node_modules/@codemirror/matchbrackets": {
            "version": "0.17.2",
            "resolved": "https://registry.npmjs.org/@codemirror/matchbrackets/-/matchbrackets-0.17.2.tgz",
            "integrity": "sha512-E4TP7lNXk7VtmvvKYH59yNx0lf5ubv7iv0Ok0uWCjxm+RIPnXiOdRoNI7rxITJcgNROOyKnuKsd6AAnmuXxDEQ==",
            "dependencies": {
                "@codemirror/language": "^0.17.0",
                "@codemirror/state": "^0.17.0",
                "@codemirror/view": "^0.17.0",
                "lezer-tree": "^0.13.0"
            }
        },
        "node_modules/@codemirror/panel": {
            "version": "0.17.1",
            "resolved": "https://registry.npmjs.org/@codemirror/panel/-/panel-0.17.1.tgz",
            "integrity": "sha512-2it2Sk02eF4WFwPVoRLhr9lPGq9lwwwHZFyb4olqI6tOyTPwk6leZ4ntabYrhvjRc7gD6S6vM14KhOtjm4hjqg==",
            "dependencies": {
                "@codemirror/state": "^0.17.0",
                "@codemirror/view": "^0.17.0"
            }
        },
        "node_modules/@codemirror/rangeset": {
            "version": "0.17.1",
            "resolved": "https://registry.npmjs.org/@codemirror/rangeset/-/rangeset-0.17.1.tgz",
            "integrity": "sha512-Qv8a8C5CZiUdXGvxniWdULJzXDiz5uSP5ddHFEmekGa9nNVCgdr05nH7R+h3NgJ2P40UEEOPykqXZyy8EHGggw==",
            "dependencies": {
                "@codemirror/state": "^0.17.0"
            }
        },
        "node_modules/@codemirror/rectangular-selection": {
            "version": "0.17.1",
            "resolved": "https://registry.npmjs.org/@codemirror/rectangular-selection/-/rectangular-selection-0.17.1.tgz",
            "integrity": "sha512-mM6LjEiwcnj/NArVMTfMATuO35FDF9B1xCrqMlXTB/KxCXwFcGO/r8AccBV+ehR2Y+k7zlvfNvEVNi1SjP1Hfg==",
            "dependencies": {
                "@codemirror/state": "^0.17.0",
                "@codemirror/text": "^0.17.0",
                "@codemirror/view": "^0.17.0"
            }
        },
        "node_modules/@codemirror/search": {
            "version": "0.17.1",
            "resolved": "https://registry.npmjs.org/@codemirror/search/-/search-0.17.1.tgz",
            "integrity": "sha512-wY0KP9my/0uKQk9AU39EqmkY6zMVv2Erej5b1rRBksM78JZXzjNUl4gyhtx1/0om84IZ1ocmW8MRElkAY6r1rw==",
            "dependencies": {
                "@codemirror/panel": "^0.17.0",
                "@codemirror/rangeset": "^0.17.0",
                "@codemirror/state": "^0.17.0",
                "@codemirror/text": "^0.17.0",
                "@codemirror/view": "^0.17.0",
                "crelt": "^1.0.5"
            }
        },
        "node_modules/@codemirror/state": {
            "version": "0.17.1",
            "resolved": "https://registry.npmjs.org/@codemirror/state/-/state-0.17.1.tgz",
            "integrity": "sha512-ELgxzackFVC+wBWpGJGFN6OJ+uIdHrgj4BEh6qooju7U5Mdd1bM594QPGzNMRu3uXjfGj7ANHTATRPc0nnQRfA==",
            "dependencies": {
                "@codemirror/text": "^0.17.0"
            }
        },
        "node_modules/@codemirror/text": {
            "version": "0.17.2",
            "resolved": "https://registry.npmjs.org/@codemirror/text/-/text-0.17.2.tgz",
            "integrity": "sha512-KL+cM+uJPW5skyuTRoW43lOaSQq3YDNEPx5z0V/9Wsz9R9dK4kVP5NIRMUFgl9MUCQ9UxIotvgPDpz65j9wjuA=="
        },
        "node_modules/@codemirror/tooltip": {
            "version": "0.17.1",
            "resolved": "https://registry.npmjs.org/@codemirror/tooltip/-/tooltip-0.17.1.tgz",
            "integrity": "sha512-qI0/rcXAelp9T+ZAfyUYmQmMjzKaIKonGehIfdL/GpyekfiCkFevxboCkMNYtsvHYOHflOAAB3zRF7Y0FkTukA==",
            "dependencies": {
                "@codemirror/state": "^0.17.0",
                "@codemirror/view": "^0.17.0"
            }
        },
        "node_modules/@codemirror/view": {
            "version": "0.17.3",
            "resolved": "https://registry.npmjs.org/@codemirror/view/-/view-0.17.3.tgz",
            "integrity": "sha512-Mrp+BLIZWCi08q+ewGa2YmYD2RcWr1htu91xDd+JSjTfKsQQ0RZq2q72h05KmhZNSS/+rJepWWdLghCa2urRCQ==",
            "dependencies": {
                "@codemirror/rangeset": "^0.17.0",
                "@codemirror/state": "^0.17.0",
                "@codemirror/text": "^0.17.0",
                "style-mod": "^3.2.0",
                "w3c-keyname": "^2.2.4"
            }
        },
        "node_modules/@types/codemirror": {
            "version": "0.0.106",
            "resolved": "https://registry.npmjs.org/@types/codemirror/-/codemirror-0.0.106.tgz",
            "integrity": "sha512-o2bJWaI56+J1IuzUyb1KKNLs0Tm1sqdosGeSneicQZpg9s59++8Nz70KOD6IACiZWI6b+H0H+UE+JRkgTUO3Ww==",
            "dev": true,
            "dependencies": {
                "@types/tern": "*"
            }
        },
        "node_modules/@types/estree": {
            "version": "0.0.45",
            "resolved": "https://registry.npmjs.org/@types/estree/-/estree-0.0.45.tgz",
            "integrity": "sha512-jnqIUKDUqJbDIUxm0Uj7bnlMnRm1T/eZ9N+AVMqhPgzrba2GhGG5o/jCTwmdPK709nEZsGoMzXEDUjcXHa3W0g==",
            "dev": true
        },
        "node_modules/@types/glob": {
            "version": "7.1.3",
            "resolved": "https://registry.npmjs.org/@types/glob/-/glob-7.1.3.tgz",
            "integrity": "sha512-SEYeGAIQIQX8NN6LDKprLjbrd5dARM5EXsd8GI/A5l0apYI1fGMWgPHSe4ZKL4eozlAyI+doUE9XbYS4xCkQ1w==",
            "dev": true,
            "dependencies": {
                "@types/minimatch": "*",
                "@types/node": "*"
            }
        },
        "node_modules/@types/jquery": {
            "version": "3.5.5",
            "resolved": "https://registry.npmjs.org/@types/jquery/-/jquery-3.5.5.tgz",
            "integrity": "sha512-6RXU9Xzpc6vxNrS6FPPapN1SxSHgQ336WC6Jj/N8q30OiaBZ00l1GBgeP7usjVZPivSkGUfL1z/WW6TX989M+w==",
            "dev": true,
            "dependencies": {
                "@types/sizzle": "*"
            }
        },
        "node_modules/@types/minimatch": {
            "version": "3.0.3",
            "resolved": "https://registry.npmjs.org/@types/minimatch/-/minimatch-3.0.3.tgz",
            "integrity": "sha512-tHq6qdbT9U1IRSGf14CL0pUlULksvY9OZ+5eEgl1N7t+OA3tGvNpxJCzuKQlsNgCVwbAs670L1vcVQi8j9HjnA==",
            "dev": true
        },
        "node_modules/@types/node": {
            "version": "14.14.20",
            "resolved": "https://registry.npmjs.org/@types/node/-/node-14.14.20.tgz",
            "integrity": "sha512-Y93R97Ouif9JEOWPIUyU+eyIdyRqQR0I8Ez1dzku4hDx34NWh4HbtIc3WNzwB1Y9ULvNGeu5B8h8bVL5cAk4/A==",
            "dev": true
        },
        "node_modules/@types/sizzle": {
            "version": "2.3.2",
            "resolved": "https://registry.npmjs.org/@types/sizzle/-/sizzle-2.3.2.tgz",
            "integrity": "sha512-7EJYyKTL7tFR8+gDbB6Wwz/arpGa0Mywk1TJbNzKzHtzbwVmY4HR9WqS5VV7dsBUKQmPNr192jHr/VpBluj/hg==",
            "dev": true
        },
        "node_modules/@types/tern": {
            "version": "0.23.3",
            "resolved": "https://registry.npmjs.org/@types/tern/-/tern-0.23.3.tgz",
            "integrity": "sha512-imDtS4TAoTcXk0g7u4kkWqedB3E4qpjXzCpD2LU5M5NAXHzCDsypyvXSaG7mM8DKYkCRa7tFp4tS/lp/Wo7Q3w==",
            "dev": true,
            "dependencies": {
                "@types/estree": "*"
            }
        },
        "node_modules/balanced-match": {
            "version": "1.0.0",
            "resolved": "https://registry.npmjs.org/balanced-match/-/balanced-match-1.0.0.tgz",
            "integrity": "sha1-ibTRmasr7kneFk6gK4nORi1xt2c="
        },
        "node_modules/brace-expansion": {
            "version": "1.1.11",
            "resolved": "https://registry.npmjs.org/brace-expansion/-/brace-expansion-1.1.11.tgz",
            "integrity": "sha512-iCuPHDFgrHX7H2vEI/5xpz07zSHB00TpugqhmYtVmMO6518mCuRMoOYFldEBl0g187ufozdaHgWKcYFb61qGiA==",
            "dependencies": {
                "balanced-match": "^1.0.0",
                "concat-map": "0.0.1"
            }
        },
        "node_modules/codemirror": {
            "version": "5.59.1",
            "resolved": "https://registry.npmjs.org/codemirror/-/codemirror-5.59.1.tgz",
            "integrity": "sha512-d0SSW/PCCD4LoSCBPdnP0BzmZB1v3emomCUtVlIWgZHJ06yVeBOvBtOH7vYz707pfAvEeWbO9aP6akh8vl1V3w=="
        },
        "node_modules/concat-map": {
            "version": "0.0.1",
            "resolved": "https://registry.npmjs.org/concat-map/-/concat-map-0.0.1.tgz",
            "integrity": "sha1-2Klr13/Wjfd5OnMDajug1UBdR3s="
        },
        "node_modules/crelt": {
            "version": "1.0.5",
            "resolved": "https://registry.npmjs.org/crelt/-/crelt-1.0.5.tgz",
            "integrity": "sha512-+BO9wPPi+DWTDcNYhr/W90myha8ptzftZT+LwcmUbbok0rcP/fequmFYCw8NMoH7pkAZQzU78b3kYrlua5a9eA=="
        },
        "node_modules/fs.realpath": {
            "version": "1.0.0",
            "resolved": "https://registry.npmjs.org/fs.realpath/-/fs.realpath-1.0.0.tgz",
            "integrity": "sha1-FQStJSMVjKpA20onh8sBQRmU6k8="
        },
        "node_modules/glob": {
            "version": "7.1.6",
            "resolved": "https://registry.npmjs.org/glob/-/glob-7.1.6.tgz",
            "integrity": "sha512-LwaxwyZ72Lk7vZINtNNrywX0ZuLyStrdDtabefZKAY5ZGJhVtgdznluResxNmPitE0SAO+O26sWTHeKSI2wMBA==",
            "dependencies": {
                "fs.realpath": "^1.0.0",
                "inflight": "^1.0.4",
                "inherits": "2",
                "minimatch": "^3.0.4",
                "once": "^1.3.0",
                "path-is-absolute": "^1.0.0"
            },
            "engines": {
                "node": "*"
            },
            "funding": {
                "url": "https://github.com/sponsors/isaacs"
            }
        },
        "node_modules/inflight": {
            "version": "1.0.6",
            "resolved": "https://registry.npmjs.org/inflight/-/inflight-1.0.6.tgz",
            "integrity": "sha1-Sb1jMdfQLQwJvJEKEHW6gWW1bfk=",
            "dependencies": {
                "once": "^1.3.0",
                "wrappy": "1"
            }
        },
        "node_modules/inherits": {
            "version": "2.0.4",
            "resolved": "https://registry.npmjs.org/inherits/-/inherits-2.0.4.tgz",
            "integrity": "sha512-k/vGaX4/Yla3WzyMCvTQOXYeIHvqOKtnqBduzTHpzpQZzAskKMhZ2K+EnBiSM9zGSoIFeMpXKxa4dYeZIQqewQ=="
        },
        "node_modules/jquery": {
            "version": "3.5.1",
            "resolved": "https://registry.npmjs.org/jquery/-/jquery-3.5.1.tgz",
            "integrity": "sha512-XwIBPqcMn57FxfT+Go5pzySnm4KWkT1Tv7gjrpT1srtf8Weynl6R273VJ5GjkRb51IzMp5nbaPjJXMWeju2MKg=="
        },
        "node_modules/lezer": {
            "version": "0.13.1",
            "resolved": "https://registry.npmjs.org/lezer/-/lezer-0.13.1.tgz",
            "integrity": "sha512-aDX9OHYWQFt3s7C0IEil//Lckxbr02dCRyxB/uTxVuZjBsNHnUJ8Y83OgDi+uNFwRsexhdoMF0/PSvmky/Fg/g==",
            "dependencies": {
                "lezer-tree": "^0.13.0"
            }
        },
        "node_modules/lezer-tree": {
            "version": "0.13.0",
            "resolved": "https://registry.npmjs.org/lezer-tree/-/lezer-tree-0.13.0.tgz",
            "integrity": "sha512-YqGD22WxQmT6np2JEX5Z+zhdBSfPEcQ8B6ct+39oLzSAHecUPUd/maN5PKNtnUZbSzd81mEx1ZqzMDA1eRSRcg=="
        },
        "node_modules/minimatch": {
            "version": "3.0.4",
            "resolved": "https://registry.npmjs.org/minimatch/-/minimatch-3.0.4.tgz",
            "integrity": "sha512-yJHVQEhyqPLUTgt9B83PXu6W3rx4MvvHvSUvToogpwoGDOUQ+yDrR0HRot+yOCdCO7u4hX3pWft6kWBBcqh0UA==",
            "dependencies": {
                "brace-expansion": "^1.1.7"
            },
            "engines": {
                "node": "*"
            }
        },
        "node_modules/once": {
            "version": "1.4.0",
            "resolved": "https://registry.npmjs.org/once/-/once-1.4.0.tgz",
            "integrity": "sha1-WDsap3WWHUsROsF9nFC6753Xa9E=",
            "dependencies": {
                "wrappy": "1"
            }
        },
        "node_modules/path-is-absolute": {
            "version": "1.0.1",
            "resolved": "https://registry.npmjs.org/path-is-absolute/-/path-is-absolute-1.0.1.tgz",
            "integrity": "sha1-F0uSaHNVNP+8es5r9TpanhtcX18=",
            "engines": {
                "node": ">=0.10.0"
            }
        },
        "node_modules/style-mod": {
            "version": "3.2.1",
            "resolved": "https://registry.npmjs.org/style-mod/-/style-mod-3.2.1.tgz",
            "integrity": "sha512-cQerrMLHjR/fxC4DWC2dRrXc11hvsM7lJ2vtuMOHWU5IG7Deu5RfTbttjbY4xiRAWs3gFIZZFf694jzNPW1Ehw=="
        },
        "node_modules/vue": {
            "version": "2.6.12",
            "resolved": "https://registry.npmjs.org/vue/-/vue-2.6.12.tgz",
            "integrity": "sha512-uhmLFETqPPNyuLLbsKz6ioJ4q7AZHzD8ZVFNATNyICSZouqP2Sz0rotWQC8UNBF6VGSCs5abnKJoStA6JbCbfg=="
        },
        "node_modules/w3c-keyname": {
            "version": "2.2.4",
            "resolved": "https://registry.npmjs.org/w3c-keyname/-/w3c-keyname-2.2.4.tgz",
            "integrity": "sha512-tOhfEwEzFLJzf6d1ZPkYfGj+FWhIpBux9ppoP3rlclw3Z0BZv3N7b7030Z1kYth+6rDuAsXUFr+d0VE6Ed1ikw=="
        },
        "node_modules/wrappy": {
            "version": "1.0.2",
            "resolved": "https://registry.npmjs.org/wrappy/-/wrappy-1.0.2.tgz",
            "integrity": "sha1-tSQ9jz7BqjXxNkYFvA0QNuMKtp8="
        }
    },
    "dependencies": {
        "@codemirror/autocomplete": {
            "version": "0.17.1",
            "resolved": "https://registry.npmjs.org/@codemirror/autocomplete/-/autocomplete-0.17.1.tgz",
            "integrity": "sha512-K53TC6eH+nnmVRBoH9vgzOsyzBPlyXyYUzgE3X9SwtKVI5Csi75SEbfsAQEJEwZJbSi3PkSzHR5gPxw2rfSDYQ==",
            "requires": {
                "@codemirror/language": "^0.17.0",
                "@codemirror/state": "^0.17.0",
                "@codemirror/text": "^0.17.0",
                "@codemirror/tooltip": "^0.17.0",
                "@codemirror/view": "^0.17.0",
                "lezer-tree": "^0.13.0"
            }
        },
        "@codemirror/basic-setup": {
            "version": "0.17.1",
            "resolved": "https://registry.npmjs.org/@codemirror/basic-setup/-/basic-setup-0.17.1.tgz",
            "integrity": "sha512-d17H3bcseOia/YxT4Zfqn455wBRfbs3aKFAg9+FoP11BeQLFAqxiDIXtbwtfFbNx4rUvtmHkzeaMUZHNEp5ZSQ==",
            "requires": {
                "@codemirror/autocomplete": "^0.17.0",
                "@codemirror/closebrackets": "^0.17.0",
                "@codemirror/commands": "^0.17.0",
                "@codemirror/comment": "^0.17.0",
                "@codemirror/fold": "^0.17.0",
                "@codemirror/gutter": "^0.17.0",
                "@codemirror/highlight": "^0.17.0",
                "@codemirror/history": "^0.17.0",
                "@codemirror/language": "^0.17.0",
                "@codemirror/lint": "^0.17.0",
                "@codemirror/matchbrackets": "^0.17.0",
                "@codemirror/rectangular-selection": "^0.17.0",
                "@codemirror/search": "^0.17.0",
                "@codemirror/state": "^0.17.0",
                "@codemirror/view": "^0.17.0"
            }
        },
        "@codemirror/closebrackets": {
            "version": "0.17.2",
            "resolved": "https://registry.npmjs.org/@codemirror/closebrackets/-/closebrackets-0.17.2.tgz",
            "integrity": "sha512-0ljN56AW9Iu3uATSZESPt2MuPXpZwB9PKCK0liO9Ei1MXba//SDkzDaYeoIjlVLTxUaGbVo77fsh7+rrY28hLg==",
            "requires": {
                "@codemirror/language": "^0.17.0",
                "@codemirror/rangeset": "^0.17.0",
                "@codemirror/state": "^0.17.0",
                "@codemirror/text": "^0.17.0",
                "@codemirror/view": "^0.17.0"
            }
        },
        "@codemirror/commands": {
            "version": "0.17.1",
            "resolved": "https://registry.npmjs.org/@codemirror/commands/-/commands-0.17.1.tgz",
            "integrity": "sha512-y04Rl3kcpnTSzkgnvghjF/9UNjrdVAvT+hxnpuad2OhPcRDEWuFqwwEM7ZpzAkyjFNCG5+KDXuhnERk9cxF6/Q==",
            "requires": {
                "@codemirror/language": "^0.17.0",
                "@codemirror/matchbrackets": "^0.17.0",
                "@codemirror/state": "^0.17.0",
                "@codemirror/text": "^0.17.0",
                "@codemirror/view": "^0.17.0",
                "lezer-tree": "^0.13.0"
            }
        },
        "@codemirror/comment": {
            "version": "0.17.1",
            "resolved": "https://registry.npmjs.org/@codemirror/comment/-/comment-0.17.1.tgz",
            "integrity": "sha512-dRYCRMU8NEe4mbL00AU4Zr8DYqYC5kL2bg28wBSURKYYKtTv3c7KsvdwU/Ggj8pDFcW0TIaKt1DfSKH6RDfaQw==",
            "requires": {
                "@codemirror/state": "^0.17.0",
                "@codemirror/text": "^0.17.0",
                "@codemirror/view": "^0.17.0"
            }
        },
        "@codemirror/fold": {
            "version": "0.17.1",
            "resolved": "https://registry.npmjs.org/@codemirror/fold/-/fold-0.17.1.tgz",
            "integrity": "sha512-G0j7AyZtcDQy/Vh7MQgIZIYcTJX6BuSa8NcxE82sDtpEDdogavBkjZxEE/lRZyZnHDmmaVgVSp53fzOo9TS6Hw==",
            "requires": {
                "@codemirror/gutter": "^0.17.0",
                "@codemirror/language": "^0.17.0",
                "@codemirror/rangeset": "^0.17.0",
                "@codemirror/state": "^0.17.0",
                "@codemirror/view": "^0.17.0"
            }
        },
        "@codemirror/gutter": {
            "version": "0.17.1",
            "resolved": "https://registry.npmjs.org/@codemirror/gutter/-/gutter-0.17.1.tgz",
            "integrity": "sha512-lSOz2cWZlwKu6F4r1aqDe3c3UdF/XowemAYP6Hlf30TT1J+qw/wS1p99orVFQMDr0GeQb1Q2TnqBNuzJ15eIxA==",
            "requires": {
                "@codemirror/rangeset": "^0.17.0",
                "@codemirror/state": "^0.17.0",
                "@codemirror/view": "^0.17.0"
            }
        },
        "@codemirror/highlight": {
            "version": "0.17.1",
            "resolved": "https://registry.npmjs.org/@codemirror/highlight/-/highlight-0.17.1.tgz",
            "integrity": "sha512-SQb6vJ1DKqalDrmALppSj4f0ByzQZAxWgog4q//g82N2v48c+tub0STCIOGRPcyzknUvfMkWH1MCpXlxYpj/+g==",
            "requires": {
                "@codemirror/language": "^0.17.0",
                "@codemirror/rangeset": "^0.17.0",
                "@codemirror/state": "^0.17.0",
                "@codemirror/view": "^0.17.0",
                "lezer-tree": "^0.13.0",
                "style-mod": "^3.2.0"
            }
        },
        "@codemirror/history": {
            "version": "0.17.1",
            "resolved": "https://registry.npmjs.org/@codemirror/history/-/history-0.17.1.tgz",
            "integrity": "sha512-fYUMjcmfU6n5byyQm3ZLT0KzbuRduDCyHBoY02zP7e/Kf0Q5CepgNOyMvZBHnCw2mNf4fX6QcOzdfoidMC+ZPw==",
            "requires": {
                "@codemirror/state": "^0.17.0",
                "@codemirror/view": "^0.17.0"
            }
        },
        "@codemirror/language": {
            "version": "0.17.2",
            "resolved": "https://registry.npmjs.org/@codemirror/language/-/language-0.17.2.tgz",
            "integrity": "sha512-mcAj5qDhv7GE9jpAwUB0ewfRPj0LuoUv4gMRnCraxpKeMUF0BAxr2zXCWt7JKEXYLmueJ7QEjMk8vRaArOXxTQ==",
            "requires": {
                "@codemirror/state": "^0.17.0",
                "@codemirror/text": "^0.17.0",
                "@codemirror/view": "^0.17.0",
                "lezer": "^0.13.0",
                "lezer-tree": "^0.13.0"
            }
        },
        "@codemirror/lint": {
            "version": "0.17.1",
            "resolved": "https://registry.npmjs.org/@codemirror/lint/-/lint-0.17.1.tgz",
            "integrity": "sha512-Jzhf3g+hIr8frQaLsRSYJgM3BFVt7qQ59J0l/oqkjx8LsqYn0zbCM6zHnKMC0lOUdZXf7O8D24jTmVJb/8n4YQ==",
            "requires": {
                "@codemirror/panel": "^0.17.0",
                "@codemirror/state": "^0.17.0",
                "@codemirror/tooltip": "^0.17.0",
                "@codemirror/view": "^0.17.0",
                "crelt": "^1.0.5"
            }
        },
        "@codemirror/matchbrackets": {
            "version": "0.17.2",
            "resolved": "https://registry.npmjs.org/@codemirror/matchbrackets/-/matchbrackets-0.17.2.tgz",
            "integrity": "sha512-E4TP7lNXk7VtmvvKYH59yNx0lf5ubv7iv0Ok0uWCjxm+RIPnXiOdRoNI7rxITJcgNROOyKnuKsd6AAnmuXxDEQ==",
            "requires": {
                "@codemirror/language": "^0.17.0",
                "@codemirror/state": "^0.17.0",
                "@codemirror/view": "^0.17.0",
                "lezer-tree": "^0.13.0"
            }
        },
        "@codemirror/panel": {
            "version": "0.17.1",
            "resolved": "https://registry.npmjs.org/@codemirror/panel/-/panel-0.17.1.tgz",
            "integrity": "sha512-2it2Sk02eF4WFwPVoRLhr9lPGq9lwwwHZFyb4olqI6tOyTPwk6leZ4ntabYrhvjRc7gD6S6vM14KhOtjm4hjqg==",
            "requires": {
                "@codemirror/state": "^0.17.0",
                "@codemirror/view": "^0.17.0"
            }
        },
        "@codemirror/rangeset": {
            "version": "0.17.1",
            "resolved": "https://registry.npmjs.org/@codemirror/rangeset/-/rangeset-0.17.1.tgz",
            "integrity": "sha512-Qv8a8C5CZiUdXGvxniWdULJzXDiz5uSP5ddHFEmekGa9nNVCgdr05nH7R+h3NgJ2P40UEEOPykqXZyy8EHGggw==",
            "requires": {
                "@codemirror/state": "^0.17.0"
            }
        },
        "@codemirror/rectangular-selection": {
            "version": "0.17.1",
            "resolved": "https://registry.npmjs.org/@codemirror/rectangular-selection/-/rectangular-selection-0.17.1.tgz",
            "integrity": "sha512-mM6LjEiwcnj/NArVMTfMATuO35FDF9B1xCrqMlXTB/KxCXwFcGO/r8AccBV+ehR2Y+k7zlvfNvEVNi1SjP1Hfg==",
            "requires": {
                "@codemirror/state": "^0.17.0",
                "@codemirror/text": "^0.17.0",
                "@codemirror/view": "^0.17.0"
            }
        },
        "@codemirror/search": {
            "version": "0.17.1",
            "resolved": "https://registry.npmjs.org/@codemirror/search/-/search-0.17.1.tgz",
            "integrity": "sha512-wY0KP9my/0uKQk9AU39EqmkY6zMVv2Erej5b1rRBksM78JZXzjNUl4gyhtx1/0om84IZ1ocmW8MRElkAY6r1rw==",
            "requires": {
                "@codemirror/panel": "^0.17.0",
                "@codemirror/rangeset": "^0.17.0",
                "@codemirror/state": "^0.17.0",
                "@codemirror/text": "^0.17.0",
                "@codemirror/view": "^0.17.0",
                "crelt": "^1.0.5"
            }
        },
        "@codemirror/state": {
            "version": "0.17.1",
            "resolved": "https://registry.npmjs.org/@codemirror/state/-/state-0.17.1.tgz",
            "integrity": "sha512-ELgxzackFVC+wBWpGJGFN6OJ+uIdHrgj4BEh6qooju7U5Mdd1bM594QPGzNMRu3uXjfGj7ANHTATRPc0nnQRfA==",
            "requires": {
                "@codemirror/text": "^0.17.0"
            }
        },
        "@codemirror/text": {
            "version": "0.17.2",
            "resolved": "https://registry.npmjs.org/@codemirror/text/-/text-0.17.2.tgz",
            "integrity": "sha512-KL+cM+uJPW5skyuTRoW43lOaSQq3YDNEPx5z0V/9Wsz9R9dK4kVP5NIRMUFgl9MUCQ9UxIotvgPDpz65j9wjuA=="
        },
        "@codemirror/tooltip": {
            "version": "0.17.1",
            "resolved": "https://registry.npmjs.org/@codemirror/tooltip/-/tooltip-0.17.1.tgz",
            "integrity": "sha512-qI0/rcXAelp9T+ZAfyUYmQmMjzKaIKonGehIfdL/GpyekfiCkFevxboCkMNYtsvHYOHflOAAB3zRF7Y0FkTukA==",
            "requires": {
                "@codemirror/state": "^0.17.0",
                "@codemirror/view": "^0.17.0"
            }
        },
        "@codemirror/view": {
            "version": "0.17.3",
            "resolved": "https://registry.npmjs.org/@codemirror/view/-/view-0.17.3.tgz",
            "integrity": "sha512-Mrp+BLIZWCi08q+ewGa2YmYD2RcWr1htu91xDd+JSjTfKsQQ0RZq2q72h05KmhZNSS/+rJepWWdLghCa2urRCQ==",
            "requires": {
                "@codemirror/rangeset": "^0.17.0",
                "@codemirror/state": "^0.17.0",
                "@codemirror/text": "^0.17.0",
                "style-mod": "^3.2.0",
                "w3c-keyname": "^2.2.4"
            }
        },
        "@types/codemirror": {
            "version": "0.0.106",
            "resolved": "https://registry.npmjs.org/@types/codemirror/-/codemirror-0.0.106.tgz",
            "integrity": "sha512-o2bJWaI56+J1IuzUyb1KKNLs0Tm1sqdosGeSneicQZpg9s59++8Nz70KOD6IACiZWI6b+H0H+UE+JRkgTUO3Ww==",
            "dev": true,
            "requires": {
                "@types/tern": "*"
            }
        },
        "@types/estree": {
            "version": "0.0.45",
            "resolved": "https://registry.npmjs.org/@types/estree/-/estree-0.0.45.tgz",
            "integrity": "sha512-jnqIUKDUqJbDIUxm0Uj7bnlMnRm1T/eZ9N+AVMqhPgzrba2GhGG5o/jCTwmdPK709nEZsGoMzXEDUjcXHa3W0g==",
            "dev": true
        },
        "@types/glob": {
            "version": "7.1.3",
            "resolved": "https://registry.npmjs.org/@types/glob/-/glob-7.1.3.tgz",
            "integrity": "sha512-SEYeGAIQIQX8NN6LDKprLjbrd5dARM5EXsd8GI/A5l0apYI1fGMWgPHSe4ZKL4eozlAyI+doUE9XbYS4xCkQ1w==",
            "dev": true,
            "requires": {
                "@types/minimatch": "*",
                "@types/node": "*"
            }
        },
        "@types/jquery": {
            "version": "3.5.5",
            "resolved": "https://registry.npmjs.org/@types/jquery/-/jquery-3.5.5.tgz",
            "integrity": "sha512-6RXU9Xzpc6vxNrS6FPPapN1SxSHgQ336WC6Jj/N8q30OiaBZ00l1GBgeP7usjVZPivSkGUfL1z/WW6TX989M+w==",
            "dev": true,
            "requires": {
                "@types/sizzle": "*"
            }
        },
        "@types/minimatch": {
            "version": "3.0.3",
            "resolved": "https://registry.npmjs.org/@types/minimatch/-/minimatch-3.0.3.tgz",
            "integrity": "sha512-tHq6qdbT9U1IRSGf14CL0pUlULksvY9OZ+5eEgl1N7t+OA3tGvNpxJCzuKQlsNgCVwbAs670L1vcVQi8j9HjnA==",
            "dev": true
        },
        "@types/node": {
            "version": "14.14.20",
            "resolved": "https://registry.npmjs.org/@types/node/-/node-14.14.20.tgz",
            "integrity": "sha512-Y93R97Ouif9JEOWPIUyU+eyIdyRqQR0I8Ez1dzku4hDx34NWh4HbtIc3WNzwB1Y9ULvNGeu5B8h8bVL5cAk4/A==",
            "dev": true
        },
        "@types/sizzle": {
            "version": "2.3.2",
            "resolved": "https://registry.npmjs.org/@types/sizzle/-/sizzle-2.3.2.tgz",
            "integrity": "sha512-7EJYyKTL7tFR8+gDbB6Wwz/arpGa0Mywk1TJbNzKzHtzbwVmY4HR9WqS5VV7dsBUKQmPNr192jHr/VpBluj/hg==",
            "dev": true
        },
        "@types/tern": {
            "version": "0.23.3",
            "resolved": "https://registry.npmjs.org/@types/tern/-/tern-0.23.3.tgz",
            "integrity": "sha512-imDtS4TAoTcXk0g7u4kkWqedB3E4qpjXzCpD2LU5M5NAXHzCDsypyvXSaG7mM8DKYkCRa7tFp4tS/lp/Wo7Q3w==",
            "dev": true,
            "requires": {
                "@types/estree": "*"
            }
        },
        "balanced-match": {
            "version": "1.0.0",
            "resolved": "https://registry.npmjs.org/balanced-match/-/balanced-match-1.0.0.tgz",
            "integrity": "sha1-ibTRmasr7kneFk6gK4nORi1xt2c="
        },
        "brace-expansion": {
            "version": "1.1.11",
            "resolved": "https://registry.npmjs.org/brace-expansion/-/brace-expansion-1.1.11.tgz",
            "integrity": "sha512-iCuPHDFgrHX7H2vEI/5xpz07zSHB00TpugqhmYtVmMO6518mCuRMoOYFldEBl0g187ufozdaHgWKcYFb61qGiA==",
            "requires": {
                "balanced-match": "^1.0.0",
                "concat-map": "0.0.1"
            }
        },
        "codemirror": {
            "version": "5.59.1",
            "resolved": "https://registry.npmjs.org/codemirror/-/codemirror-5.59.1.tgz",
            "integrity": "sha512-d0SSW/PCCD4LoSCBPdnP0BzmZB1v3emomCUtVlIWgZHJ06yVeBOvBtOH7vYz707pfAvEeWbO9aP6akh8vl1V3w=="
        },
        "concat-map": {
            "version": "0.0.1",
            "resolved": "https://registry.npmjs.org/concat-map/-/concat-map-0.0.1.tgz",
            "integrity": "sha1-2Klr13/Wjfd5OnMDajug1UBdR3s="
        },
        "crelt": {
            "version": "1.0.5",
            "resolved": "https://registry.npmjs.org/crelt/-/crelt-1.0.5.tgz",
            "integrity": "sha512-+BO9wPPi+DWTDcNYhr/W90myha8ptzftZT+LwcmUbbok0rcP/fequmFYCw8NMoH7pkAZQzU78b3kYrlua5a9eA=="
        },
        "fs.realpath": {
            "version": "1.0.0",
            "resolved": "https://registry.npmjs.org/fs.realpath/-/fs.realpath-1.0.0.tgz",
            "integrity": "sha1-FQStJSMVjKpA20onh8sBQRmU6k8="
        },
        "glob": {
            "version": "7.1.6",
            "resolved": "https://registry.npmjs.org/glob/-/glob-7.1.6.tgz",
            "integrity": "sha512-LwaxwyZ72Lk7vZINtNNrywX0ZuLyStrdDtabefZKAY5ZGJhVtgdznluResxNmPitE0SAO+O26sWTHeKSI2wMBA==",
            "requires": {
                "fs.realpath": "^1.0.0",
                "inflight": "^1.0.4",
                "inherits": "2",
                "minimatch": "^3.0.4",
                "once": "^1.3.0",
                "path-is-absolute": "^1.0.0"
            }
        },
        "inflight": {
            "version": "1.0.6",
            "resolved": "https://registry.npmjs.org/inflight/-/inflight-1.0.6.tgz",
            "integrity": "sha1-Sb1jMdfQLQwJvJEKEHW6gWW1bfk=",
            "requires": {
                "once": "^1.3.0",
                "wrappy": "1"
            }
        },
        "inherits": {
            "version": "2.0.4",
            "resolved": "https://registry.npmjs.org/inherits/-/inherits-2.0.4.tgz",
            "integrity": "sha512-k/vGaX4/Yla3WzyMCvTQOXYeIHvqOKtnqBduzTHpzpQZzAskKMhZ2K+EnBiSM9zGSoIFeMpXKxa4dYeZIQqewQ=="
        },
        "jquery": {
            "version": "3.5.1",
            "resolved": "https://registry.npmjs.org/jquery/-/jquery-3.5.1.tgz",
            "integrity": "sha512-XwIBPqcMn57FxfT+Go5pzySnm4KWkT1Tv7gjrpT1srtf8Weynl6R273VJ5GjkRb51IzMp5nbaPjJXMWeju2MKg=="
        },
        "lezer": {
            "version": "0.13.1",
            "resolved": "https://registry.npmjs.org/lezer/-/lezer-0.13.1.tgz",
            "integrity": "sha512-aDX9OHYWQFt3s7C0IEil//Lckxbr02dCRyxB/uTxVuZjBsNHnUJ8Y83OgDi+uNFwRsexhdoMF0/PSvmky/Fg/g==",
            "requires": {
                "lezer-tree": "^0.13.0"
            }
        },
        "lezer-tree": {
            "version": "0.13.0",
            "resolved": "https://registry.npmjs.org/lezer-tree/-/lezer-tree-0.13.0.tgz",
            "integrity": "sha512-YqGD22WxQmT6np2JEX5Z+zhdBSfPEcQ8B6ct+39oLzSAHecUPUd/maN5PKNtnUZbSzd81mEx1ZqzMDA1eRSRcg=="
        },
        "minimatch": {
            "version": "3.0.4",
            "resolved": "https://registry.npmjs.org/minimatch/-/minimatch-3.0.4.tgz",
            "integrity": "sha512-yJHVQEhyqPLUTgt9B83PXu6W3rx4MvvHvSUvToogpwoGDOUQ+yDrR0HRot+yOCdCO7u4hX3pWft6kWBBcqh0UA==",
            "requires": {
                "brace-expansion": "^1.1.7"
            }
        },
        "once": {
            "version": "1.4.0",
            "resolved": "https://registry.npmjs.org/once/-/once-1.4.0.tgz",
            "integrity": "sha1-WDsap3WWHUsROsF9nFC6753Xa9E=",
            "requires": {
                "wrappy": "1"
            }
        },
        "path-is-absolute": {
            "version": "1.0.1",
            "resolved": "https://registry.npmjs.org/path-is-absolute/-/path-is-absolute-1.0.1.tgz",
            "integrity": "sha1-F0uSaHNVNP+8es5r9TpanhtcX18="
        },
        "style-mod": {
            "version": "3.2.1",
            "resolved": "https://registry.npmjs.org/style-mod/-/style-mod-3.2.1.tgz",
            "integrity": "sha512-cQerrMLHjR/fxC4DWC2dRrXc11hvsM7lJ2vtuMOHWU5IG7Deu5RfTbttjbY4xiRAWs3gFIZZFf694jzNPW1Ehw=="
        },
        "vue": {
            "version": "2.6.12",
            "resolved": "https://registry.npmjs.org/vue/-/vue-2.6.12.tgz",
            "integrity": "sha512-uhmLFETqPPNyuLLbsKz6ioJ4q7AZHzD8ZVFNATNyICSZouqP2Sz0rotWQC8UNBF6VGSCs5abnKJoStA6JbCbfg=="
        },
        "w3c-keyname": {
            "version": "2.2.4",
            "resolved": "https://registry.npmjs.org/w3c-keyname/-/w3c-keyname-2.2.4.tgz",
            "integrity": "sha512-tOhfEwEzFLJzf6d1ZPkYfGj+FWhIpBux9ppoP3rlclw3Z0BZv3N7b7030Z1kYth+6rDuAsXUFr+d0VE6Ed1ikw=="
        },
        "wrappy": {
            "version": "1.0.2",
            "resolved": "https://registry.npmjs.org/wrappy/-/wrappy-1.0.2.tgz",
            "integrity": "sha1-tSQ9jz7BqjXxNkYFvA0QNuMKtp8="
        }
    }
}
